{
  "object": {
    "pins": [
      {
        "package": "empty-package",
        "repositoryURL": "https://github.com/adam-fowler/empty-package.git",
        "state": {
          "branch": null,
          "revision": "c985452cc769f8790ba9a65893b7143597308486",
          "version": "4.0.0"
        }
      }
    ]
  },
  "version": 1
}
