// !$*UTF8*$!
{
	archiveVersion = 1;
	classes = {
	};
	objectVersion = 50;
	objects = {

/* Begin PBXBuildFile section */
		D17B03802309A770006731EE /* AppDelegate.swift in Sources */ = {isa = PBXBuildFile; fileRef = D17B037F2309A770006731EE /* AppDelegate.swift */; };
		D17B03822309A770006731EE /* ViewController.swift in Sources */ = {isa = PBXBuildFile; fileRef = D17B03812309A770006731EE /* ViewController.swift */; };
		D17B03852309A770006731EE /* Main.storyboard in Resources */ = {isa = PBXBuildFile; fileRef = D17B03832309A770006731EE /* Main.storyboard */; };
		D17B03872309A770006731EE /* Assets.xcassets in Resources */ = {isa = PBXBuildFile; fileRef = D17B03862309A770006731EE /* Assets.xcassets */; };
		D17B038A2309A770006731EE /* LaunchScreen.storyboard in Resources */ = {isa = PBXBuildFile; fileRef = D17B03882309A770006731EE /* LaunchScreen.storyboard */; };
		D17B039D2309A785006731EE /* min_deployment_test.framework in Frameworks */ = {isa = PBXBuildFile; fileRef = D17B039C2309A77E006731EE /* min_deployment_test.framework */; };
		D17B039E2309A785006731EE /* min_deployment_test.framework in Embed Frameworks */ = {isa = PBXBuildFile; fileRef = D17B039C2309A77E006731EE /* min_deployment_test.framework */; settings = {ATTRIBUTES = (CodeSignOnCopy, RemoveHeadersOnCopy, ); }; };
		D17B03A12309A785006731EE /* INIParser.framework in Frameworks */ = {isa = PBXBuildFile; fileRef = D17B039A2309A77E006731EE /* INIParser.framework */; };
		D17B03A22309A785006731EE /* INIParser.framework in Embed Frameworks */ = {isa = PBXBuildFile; fileRef = D17B039A2309A77E006731EE /* INIParser.framework */; settings = {ATTRIBUTES = (CodeSignOnCopy, RemoveHeadersOnCopy, ); }; };
/* End PBXBuildFile section */

/* Begin PBXContainerItemProxy section */
		D17B03992309A77E006731EE /* PBXContainerItemProxy */ = {
			isa = PBXContainerItemProxy;
			containerPortal = D17B03912309A77E006731EE /* min-deployment-test.xcodeproj */;
			proxyType = 2;
			remoteGlobalIDString = "INIParser::INIParser::Product";
			remoteInfo = INIParser;
		};
		D17B039B2309A77E006731EE /* PBXContainerItemProxy */ = {
			isa = PBXContainerItemProxy;
			containerPortal = D17B03912309A77E006731EE /* min-deployment-test.xcodeproj */;
			proxyType = 2;
			remoteGlobalIDString = "min-deployment-test::min-deployment-test::Product";
			remoteInfo = "min-deployment-test";
		};
		D17B039F2309A785006731EE /* PBXContainerItemProxy */ = {
			isa = PBXContainerItemProxy;
			containerPortal = D17B03912309A77E006731EE /* min-deployment-test.xcodeproj */;
			proxyType = 1;
			remoteGlobalIDString = "min-deployment-test::min-deployment-test";
			remoteInfo = "min-deployment-test";
		};
		D17B03A32309A785006731EE /* PBXContainerItemProxy */ = {
			isa = PBXContainerItemProxy;
			containerPortal = D17B03912309A77E006731EE /* min-deployment-test.xcodeproj */;
			proxyType = 1;
			remoteGlobalIDString = "INIParser::INIParser";
			remoteInfo = INIParser;
		};
/* End PBXContainerItemProxy section */

/* Begin PBXCopyFilesBuildPhase section */
		D17B03A52309A785006731EE /* Embed Frameworks */ = {
			isa = PBXCopyFilesBuildPhase;
			buildActionMask = 2147483647;
			dstPath = "";
			dstSubfolderSpec = 10;
			files = (
				D17B03A22309A785006731EE /* INIParser.framework in Embed Frameworks */,
				D17B039E2309A785006731EE /* min_deployment_test.framework in Embed Frameworks */,
			);
			name = "Embed Frameworks";
			runOnlyForDeploymentPostprocessing = 0;
		};
/* End PBXCopyFilesBuildPhase section */

/* Begin PBXFileReference section */
		D17B037C2309A770006731EE /* ios-app.app */ = {isa = PBXFileReference; explicitFileType = wrapper.application; includeInIndex = 0; path = "ios-app.app"; sourceTree = BUILT_PRODUCTS_DIR; };
		D17B037F2309A770006731EE /* AppDelegate.swift */ = {isa = PBXFileReference; lastKnownFileType = sourcecode.swift; path = AppDelegate.swift; sourceTree = "<group>"; };
		D17B03812309A770006731EE /* ViewController.swift */ = {isa = PBXFileReference; lastKnownFileType = sourcecode.swift; path = ViewController.swift; sourceTree = "<group>"; };
		D17B03842309A770006731EE /* Base */ = {isa = PBXFileReference; lastKnownFileType = file.storyboard; name = Base; path = Base.lproj/Main.storyboard; sourceTree = "<group>"; };
		D17B03862309A770006731EE /* Assets.xcassets */ = {isa = PBXFileReference; lastKnownFileType = folder.assetcatalog; path = Assets.xcassets; sourceTree = "<group>"; };
		D17B03892309A770006731EE /* Base */ = {isa = PBXFileReference; lastKnownFileType = file.storyboard; name = Base; path = Base.lproj/LaunchScreen.storyboard; sourceTree = "<group>"; };
		D17B038B2309A770006731EE /* Info.plist */ = {isa = PBXFileReference; lastKnownFileType = text.plist.xml; path = Info.plist; sourceTree = "<group>"; };
		D17B03912309A77E006731EE /* min-deployment-test.xcodeproj */ = {isa = PBXFileReference; lastKnownFileType = "wrapper.pb-project"; name = "min-deployment-test.xcodeproj"; path = "../min-deployment-test.xcodeproj"; sourceTree = "<group>"; };
/* End PBXFileReference section */

/* Begin PBXFrameworksBuildPhase section */
		D17B03792309A770006731EE /* Frameworks */ = {
			isa = PBXFrameworksBuildPhase;
			buildActionMask = 2147483647;
			files = (
				D17B03A12309A785006731EE /* INIParser.framework in Frameworks */,
				D17B039D2309A785006731EE /* min_deployment_test.framework in Frameworks */,
			);
			runOnlyForDeploymentPostprocessing = 0;
		};
/* End PBXFrameworksBuildPhase section */

/* Begin PBXGroup section */
		D17B03732309A770006731EE = {
			isa = PBXGroup;
			children = (
				D17B03912309A77E006731EE /* min-deployment-test.xcodeproj */,
				D17B037E2309A770006731EE /* ios-app */,
				D17B037D2309A770006731EE /* Products */,
			);
			sourceTree = "<group>";
		};
		D17B037D2309A770006731EE /* Products */ = {
			isa = PBXGroup;
			children = (
				D17B037C2309A770006731EE /* ios-app.app */,
			);
			name = Products;
			sourceTree = "<group>";
		};
		D17B037E2309A770006731EE /* ios-app */ = {
			isa = PBXGroup;
			children = (
				D17B037F2309A770006731EE /* AppDelegate.swift */,
				D17B03812309A770006731EE /* ViewController.swift */,
				D17B03832309A770006731EE /* Main.storyboard */,
				D17B03862309A770006731EE /* Assets.xcassets */,
				D17B03882309A770006731EE /* LaunchScreen.storyboard */,
				D17B038B2309A770006731EE /* Info.plist */,
			);
			path = "ios-app";
			sourceTree = "<group>";
		};
		D17B03922309A77E006731EE /* Products */ = {
			isa = PBXGroup;
			children = (
				D17B039A2309A77E006731EE /* INIParser.framework */,
				D17B039C2309A77E006731EE /* min_deployment_test.framework */,
			);
			name = Products;
			sourceTree = "<group>";
		};
/* End PBXGroup section */

/* Begin PBXNativeTarget section */
		D17B037B2309A770006731EE /* ios-app */ = {
			isa = PBXNativeTarget;
			buildConfigurationList = D17B038E2309A770006731EE /* Build configuration list for PBXNativeTarget "ios-app" */;
			buildPhases = (
				D17B03782309A770006731EE /* Sources */,
				D17B03792309A770006731EE /* Frameworks */,
				D17B037A2309A770006731EE /* Resources */,
				D17B03A52309A785006731EE /* Embed Frameworks */,
			);
			buildRules = (
			);
			dependencies = (
				D17B03A02309A785006731EE /* PBXTargetDependency */,
				D17B03A42309A785006731EE /* PBXTargetDependency */,
			);
			name = "ios-app";
			productName = "ios-app";
			productReference = D17B037C2309A770006731EE /* ios-app.app */;
			productType = "com.apple.product-type.application";
		};
/* End PBXNativeTarget section */

/* Begin PBXProject section */
		D17B03742309A770006731EE /* Project object */ = {
			isa = PBXProject;
			attributes = {
				LastSwiftUpdateCheck = 1030;
				LastUpgradeCheck = 1030;
				ORGANIZATIONNAME = "Adam Fowler";
				TargetAttributes = {
					D17B037B2309A770006731EE = {
						CreatedOnToolsVersion = 10.3;
					};
				};
			};
			buildConfigurationList = D17B03772309A770006731EE /* Build configuration list for PBXProject "ios-app" */;
			compatibilityVersion = "Xcode 9.3";
			developmentRegion = en;
			hasScannedForEncodings = 0;
			knownRegions = (
				en,
				Base,
			);
			mainGroup = D17B03732309A770006731EE;
			productRefGroup = D17B037D2309A770006731EE /* Products */;
			projectDirPath = "";
			projectReferences = (
				{
					ProductGroup = D17B03922309A77E006731EE /* Products */;
					ProjectRef = D17B03912309A77E006731EE /* min-deployment-test.xcodeproj */;
				},
			);
			projectRoot = "";
			targets = (
				D17B037B2309A770006731EE /* ios-app */,
			);
		};
/* End PBXProject section */

/* Begin PBXReferenceProxy section */
		D17B039A2309A77E006731EE /* INIParser.framework */ = {
			isa = PBXReferenceProxy;
			fileType = wrapper.framework;
			path = INIParser.framework;
			remoteRef = D17B03992309A77E006731EE /* PBXContainerItemProxy */;
			sourceTree = BUILT_PRODUCTS_DIR;
		};
		D17B039C2309A77E006731EE /* min_deployment_test.framework */ = {
			isa = PBXReferenceProxy;
			fileType = wrapper.framework;
			path = min_deployment_test.framework;
			remoteRef = D17B039B2309A77E006731EE /* PBXContainerItemProxy */;
			sourceTree = BUILT_PRODUCTS_DIR;
		};
/* End PBXReferenceProxy section */

/* Begin PBXResourcesBuildPhase section */
		D17B037A2309A770006731EE /* Resources */ = {
			isa = PBXResourcesBuildPhase;
			buildActionMask = 2147483647;
			files = (
				D17B038A2309A770006731EE /* LaunchScreen.storyboard in Resources */,
				D17B03872309A770006731EE /* Assets.xcassets in Resources */,
				D17B03852309A770006731EE /* Main.storyboard in Resources */,
			);
			runOnlyForDeploymentPostprocessing = 0;
		};
/* End PBXResourcesBuildPhase section */

/* Begin PBXSourcesBuildPhase section */
		D17B03782309A770006731EE /* Sources */ = {
			isa = PBXSourcesBuildPhase;
			buildActionMask = 2147483647;
			files = (
				D17B03822309A770006731EE /* ViewController.swift in Sources */,
				D17B03802309A770006731EE /* AppDelegate.swift in Sources */,
			);
			runOnlyForDeploymentPostprocessing = 0;
		};
/* End PBXSourcesBuildPhase section */

/* Begin PBXTargetDependency section */
		D17B03A02309A785006731EE /* PBXTargetDependency */ = {
			isa = PBXTargetDependency;
			name = "min-deployment-test";
			targetProxy = D17B039F2309A785006731EE /* PBXContainerItemProxy */;
		};
		D17B03A42309A785006731EE /* PBXTargetDependency */ = {
			isa = PBXTargetDependency;
			name = INIParser;
			targetProxy = D17B03A32309A785006731EE /* PBXContainerItemProxy */;
		};
/* End PBXTargetDependency section */

/* Begin PBXVariantGroup section */
		D17B03832309A770006731EE /* Main.storyboard */ = {
			isa = PBXVariantGroup;
			children = (
				D17B03842309A770006731EE /* Base */,
			);
			name = Main.storyboard;
			sourceTree = "<group>";
		};
		D17B03882309A770006731EE /* LaunchScreen.storyboard */ = {
			isa = PBXVariantGroup;
			children = (
				D17B03892309A770006731EE /* Base */,
			);
			name = LaunchScreen.storyboard;
			sourceTree = "<group>";
		};
/* End PBXVariantGroup section */

/* Begin XCBuildConfiguration section */
		D17B038C2309A770006731EE /* Debug */ = {
			isa = XCBuildConfiguration;
			buildSettings = {
				ALWAYS_SEARCH_USER_PATHS = NO;
				CLANG_ANALYZER_NONNULL = YES;
				CLANG_ANALYZER_NUMBER_OBJECT_CONVERSION = YES_AGGRESSIVE;
				CLANG_CXX_LANGUAGE_STANDARD = "gnu++14";
				CLANG_CXX_LIBRARY = "libc++";
				CLANG_ENABLE_MODULES = YES;
				CLANG_ENABLE_OBJC_ARC = YES;
				CLANG_ENABLE_OBJC_WEAK = YES;
				CLANG_WARN_BLOCK_CAPTURE_AUTORELEASING = YES;
				CLANG_WARN_BOOL_CONVERSION = YES;
				CLANG_WARN_COMMA = YES;
				CLANG_WARN_CONSTANT_CONVERSION = YES;
				CLANG_WARN_DEPRECATED_OBJC_IMPLEMENTATIONS = YES;
				CLANG_WARN_DIRECT_OBJC_ISA_USAGE = YES_ERROR;
				CLANG_WARN_DOCUMENTATION_COMMENTS = YES;
				CLANG_WARN_EMPTY_BODY = YES;
				CLANG_WARN_ENUM_CONVERSION = YES;
				CLANG_WARN_INFINITE_RECURSION = YES;
				CLANG_WARN_INT_CONVERSION = YES;
				CLANG_WARN_NON_LITERAL_NULL_CONVERSION = YES;
				CLANG_WARN_OBJC_IMPLICIT_RETAIN_SELF = YES;
				CLANG_WARN_OBJC_LITERAL_CONVERSION = YES;
				CLANG_WARN_OBJC_ROOT_CLASS = YES_ERROR;
				CLANG_WARN_RANGE_LOOP_ANALYSIS = YES;
				CLANG_WARN_STRICT_PROTOTYPES = YES;
				CLANG_WARN_SUSPICIOUS_MOVE = YES;
				CLANG_WARN_UNGUARDED_AVAILABILITY = YES_AGGRESSIVE;
				CLANG_WARN_UNREACHABLE_CODE = YES;
				CLANG_WARN__DUPLICATE_METHOD_MATCH = YES;
				CODE_SIGN_IDENTITY = "iPhone Developer";
				COPY_PHASE_STRIP = NO;
				DEBUG_INFORMATION_FORMAT = dwarf;
				ENABLE_STRICT_OBJC_MSGSEND = YES;
				ENABLE_TESTABILITY = YES;
				GCC_C_LANGUAGE_STANDARD = gnu11;
				GCC_DYNAMIC_NO_PIC = NO;
				GCC_NO_COMMON_BLOCKS = YES;
				GCC_OPTIMIZATION_LEVEL = 0;
				GCC_PREPROCESSOR_DEFINITIONS = (
					"DEBUG=1",
					"$(inherited)",
				);
				GCC_WARN_64_TO_32_BIT_CONVERSION = YES;
				GCC_WARN_ABOUT_RETURN_TYPE = YES_ERROR;
				GCC_WARN_UNDECLARED_SELECTOR = YES;
				GCC_WARN_UNINITIALIZED_AUTOS = YES_AGGRESSIVE;
				GCC_WARN_UNUSED_FUNCTION = YES;
				GCC_WARN_UNUSED_VARIABLE = YES;
				IPHONEOS_DEPLOYMENT_TARGET = 12.4;
				MTL_ENABLE_DEBUG_INFO = INCLUDE_SOURCE;
				MTL_FAST_MATH = YES;
				ONLY_ACTIVE_ARCH = YES;
				SDKROOT = iphoneos;
				SWIFT_ACTIVE_COMPILATION_CONDITIONS = DEBUG;
				SWIFT_OPTIMIZATION_LEVEL = "-Onone";
			};
			name = Debug;
		};
		D17B038D2309A770006731EE /* Release */ = {
			isa = XCBuildConfiguration;
			buildSettings = {
				ALWAYS_SEARCH_USER_PATHS = NO;
				CLANG_ANALYZER_NONNULL = YES;
				CLANG_ANALYZER_NUMBER_OBJECT_CONVERSION = YES_AGGRESSIVE;
				CLANG_CXX_LANGUAGE_STANDARD = "gnu++14";
				CLANG_CXX_LIBRARY = "libc++";
				CLANG_ENABLE_MODULES = YES;
				CLANG_ENABLE_OBJC_ARC = YES;
				CLANG_ENABLE_OBJC_WEAK = YES;
				CLANG_WARN_BLOCK_CAPTURE_AUTORELEASING = YES;
				CLANG_WARN_BOOL_CONVERSION = YES;
				CLANG_WARN_COMMA = YES;
				CLANG_WARN_CONSTANT_CONVERSION = YES;
				CLANG_WARN_DEPRECATED_OBJC_IMPLEMENTATIONS = YES;
				CLANG_WARN_DIRECT_OBJC_ISA_USAGE = YES_ERROR;
				CLANG_WARN_DOCUMENTATION_COMMENTS = YES;
				CLANG_WARN_EMPTY_BODY = YES;
				CLANG_WARN_ENUM_CONVERSION = YES;
				CLANG_WARN_INFINITE_RECURSION = YES;
				CLANG_WARN_INT_CONVERSION = YES;
				CLANG_WARN_NON_LITERAL_NULL_CONVERSION = YES;
				CLANG_WARN_OBJC_IMPLICIT_RETAIN_SELF = YES;
				CLANG_WARN_OBJC_LITERAL_CONVERSION = YES;
				CLANG_WARN_OBJC_ROOT_CLASS = YES_ERROR;
				CLANG_WARN_RANGE_LOOP_ANALYSIS = YES;
				CLANG_WARN_STRICT_PROTOTYPES = YES;
				CLANG_WARN_SUSPICIOUS_MOVE = YES;
				CLANG_WARN_UNGUARDED_AVAILABILITY = YES_AGGRESSIVE;
				CLANG_WARN_UNREACHABLE_CODE = YES;
				CLANG_WARN__DUPLICATE_METHOD_MATCH = YES;
				CODE_SIGN_IDENTITY = "iPhone Developer";
				COPY_PHASE_STRIP = NO;
				DEBUG_INFORMATION_FORMAT = "dwarf-with-dsym";
				ENABLE_NS_ASSERTIONS = NO;
				ENABLE_STRICT_OBJC_MSGSEND = YES;
				GCC_C_LANGUAGE_STANDARD = gnu11;
				GCC_NO_COMMON_BLOCKS = YES;
				GCC_WARN_64_TO_32_BIT_CONVERSION = YES;
				GCC_WARN_ABOUT_RETURN_TYPE = YES_ERROR;
				GCC_WARN_UNDECLARED_SELECTOR = YES;
				GCC_WARN_UNINITIALIZED_AUTOS = YES_AGGRESSIVE;
				GCC_WARN_UNUSED_FUNCTION = YES;
				GCC_WARN_UNUSED_VARIABLE = YES;
				IPHONEOS_DEPLOYMENT_TARGET = 12.4;
				MTL_ENABLE_DEBUG_INFO = NO;
				MTL_FAST_MATH = YES;
				SDKROOT = iphoneos;
				SWIFT_COMPILATION_MODE = wholemodule;
				SWIFT_OPTIMIZATION_LEVEL = "-O";
				VALIDATE_PRODUCT = YES;
			};
			name = Release;
		};
		D17B038F2309A770006731EE /* Debug */ = {
			isa = XCBuildConfiguration;
			buildSettings = {
				ALWAYS_EMBED_SWIFT_STANDARD_LIBRARIES = YES;
				ASSETCATALOG_COMPILER_APPICON_NAME = AppIcon;
				CODE_SIGN_STYLE = Automatic;
				DEVELOPMENT_TEAM = QJ3Z32MXU8;
				INFOPLIST_FILE = "ios-app/Info.plist";
				LD_RUNPATH_SEARCH_PATHS = (
					"$(inherited)",
					"@executable_path/Frameworks",
				);
				PRODUCT_BUNDLE_IDENTIFIER = "adamfowlerphotography.co.uk.ios-app";
				PRODUCT_NAME = "$(TARGET_NAME)";
				SWIFT_VERSION = 5.0;
				TARGETED_DEVICE_FAMILY = "1,2";
			};
			name = Debug;
		};
		D17B03902309A770006731EE /* Release */ = {
			isa = XCBuildConfiguration;
			buildSettings = {
				ALWAYS_EMBED_SWIFT_STANDARD_LIBRARIES = YES;
				ASSETCATALOG_COMPILER_APPICON_NAME = AppIcon;
				CODE_SIGN_STYLE = Automatic;
				DEVELOPMENT_TEAM = QJ3Z32MXU8;
				INFOPLIST_FILE = "ios-app/Info.plist";
				LD_RUNPATH_SEARCH_PATHS = (
					"$(inherited)",
					"@executable_path/Frameworks",
				);
				PRODUCT_BUNDLE_IDENTIFIER = "adamfowlerphotography.co.uk.ios-app";
				PRODUCT_NAME = "$(TARGET_NAME)";
				SWIFT_VERSION = 5.0;
				TARGETED_DEVICE_FAMILY = "1,2";
			};
			name = Release;
		};
/* End XCBuildConfiguration section */

/* Begin XCConfigurationList section */
		D17B03772309A770006731EE /* Build configuration list for PBXProject "ios-app" */ = {
			isa = XCConfigurationList;
			buildConfigurations = (
				D17B038C2309A770006731EE /* Debug */,
				D17B038D2309A770006731EE /* Release */,
			);
			defaultConfigurationIsVisible = 0;
			defaultConfigurationName = Release;
		};
		D17B038E2309A770006731EE /* Build configuration list for PBXNativeTarget "ios-app" */ = {
			isa = XCConfigurationList;
			buildConfigurations = (
				D17B038F2309A770006731EE /* Debug */,
				D17B03902309A770006731EE /* Release */,
			);
			defaultConfigurationIsVisible = 0;
			defaultConfigurationName = Release;
		};
/* End XCConfigurationList section */
	};
	rootObject = D17B03742309A770006731EE /* Project object */;
}
